// !$*UTF8*$!
{
	archiveVersion = 1;
	classes = {
	};
	objectVersion = 46;
	objects = {

/* Begin PBXBuildFile section */
		38311D351BBDC714009E4263 /* main.cpp in Sources */ = {isa = PBXBuildFile; fileRef = 38311D341BBDC714009E4263 /* main.cpp */; };
		38311D3D1BBDC75B009E4263 /* ApProgXimate.cpp in Sources */ = {isa = PBXBuildFile; fileRef = 38311D3B1BBDC75B009E4263 /* ApProgXimate.cpp */; };
/* End PBXBuildFile section */

/* Begin PBXCopyFilesBuildPhase section */
		38311D2F1BBDC714009E4263 /* CopyFiles */ = {
			isa = PBXCopyFilesBuildPhase;
			buildActionMask = 2147483647;
			dstPath = /usr/share/man/man1/;
			dstSubfolderSpec = 0;
			files = (
			);
			runOnlyForDeploymentPostprocessing = 1;
		};
/* End PBXCopyFilesBuildPhase section */

/* Begin PBXFileReference section */
		381E46201BF2A6E700E961C0 /* ApProgXimateEmbind.cpp */ = {isa = PBXFileReference; fileEncoding = 4; lastKnownFileType = sourcecode.cpp.cpp; path = ApProgXimateEmbind.cpp; sourceTree = "<group>"; };
		38311D311BBDC714009E4263 /* ApProgXimateLib */ = {isa = PBXFileReference; explicitFileType = "compiled.mach-o.executable"; includeInIndex = 0; path = ApProgXimateLib; sourceTree = BUILT_PRODUCTS_DIR; };
		38311D341BBDC714009E4263 /* main.cpp */ = {isa = PBXFileReference; lastKnownFileType = sourcecode.cpp.cpp; path = main.cpp; sourceTree = "<group>"; };
		38311D3B1BBDC75B009E4263 /* ApProgXimate.cpp */ = {isa = PBXFileReference; fileEncoding = 4; lastKnownFileType = sourcecode.cpp.cpp; path = ApProgXimate.cpp; sourceTree = "<group>"; };
		38311D3C1BBDC75B009E4263 /* ApProgXimate.hpp */ = {isa = PBXFileReference; fileEncoding = 4; lastKnownFileType = sourcecode.cpp.h; path = ApProgXimate.hpp; sourceTree = "<group>"; };
		38FC85EA1C3288C400382D79 /* fdef.hpp */ = {isa = PBXFileReference; lastKnownFileType = sourcecode.cpp.h; path = fdef.hpp; sourceTree = "<group>"; };
/* End PBXFileReference section */

/* Begin PBXFrameworksBuildPhase section */
		38311D2E1BBDC714009E4263 /* Frameworks */ = {
			isa = PBXFrameworksBuildPhase;
			buildActionMask = 2147483647;
			files = (
			);
			runOnlyForDeploymentPostprocessing = 0;
		};
/* End PBXFrameworksBuildPhase section */

/* Begin PBXGroup section */
		38311D281BBDC714009E4263 = {
			isa = PBXGroup;
			children = (
				38311D331BBDC714009E4263 /* ApProgXimateLib */,
				38311D321BBDC714009E4263 /* Products */,
			);
			sourceTree = "<group>";
		};
		38311D321BBDC714009E4263 /* Products */ = {
			isa = PBXGroup;
			children = (
				38311D311BBDC714009E4263 /* ApProgXimateLib */,
			);
			name = Products;
			sourceTree = "<group>";
		};
		38311D331BBDC714009E4263 /* ApProgXimateLib */ = {
			isa = PBXGroup;
			children = (
				38311D341BBDC714009E4263 /* main.cpp */,
				38311D3B1BBDC75B009E4263 /* ApProgXimate.cpp */,
				38311D3C1BBDC75B009E4263 /* ApProgXimate.hpp */,
				381E46201BF2A6E700E961C0 /* ApProgXimateEmbind.cpp */,
				38FC85EA1C3288C400382D79 /* fdef.hpp */,
			);
			path = ApProgXimateLib;
			sourceTree = "<group>";
		};
/* End PBXGroup section */

/* Begin PBXNativeTarget section */
		38311D301BBDC714009E4263 /* ApProgXimateLib */ = {
			isa = PBXNativeTarget;
			buildConfigurationList = 38311D381BBDC714009E4263 /* Build configuration list for PBXNativeTarget "ApProgXimateLib" */;
			buildPhases = (
				38311D2D1BBDC714009E4263 /* Sources */,
				38311D2E1BBDC714009E4263 /* Frameworks */,
				38311D2F1BBDC714009E4263 /* CopyFiles */,
			);
			buildRules = (
			);
			dependencies = (
			);
			name = ApProgXimateLib;
			productName = ApProgXimateLib;
			productReference = 38311D311BBDC714009E4263 /* ApProgXimateLib */;
			productType = "com.apple.product-type.tool";
		};
/* End PBXNativeTarget section */

/* Begin PBXProject section */
		38311D291BBDC714009E4263 /* Project object */ = {
			isa = PBXProject;
			attributes = {
				LastUpgradeCheck = 0700;
				ORGANIZATIONNAME = "Chris Kiefer";
				TargetAttributes = {
					38311D301BBDC714009E4263 = {
						CreatedOnToolsVersion = 7.0.1;
					};
				};
			};
			buildConfigurationList = 38311D2C1BBDC714009E4263 /* Build configuration list for PBXProject "ApProgXimateLib" */;
			compatibilityVersion = "Xcode 3.2";
			developmentRegion = English;
			hasScannedForEncodings = 0;
			knownRegions = (
				en,
			);
			mainGroup = 38311D281BBDC714009E4263;
			productRefGroup = 38311D321BBDC714009E4263 /* Products */;
			projectDirPath = "";
			projectRoot = "";
			targets = (
				38311D301BBDC714009E4263 /* ApProgXimateLib */,
			);
		};
/* End PBXProject section */

/* Begin PBXSourcesBuildPhase section */
		38311D2D1BBDC714009E4263 /* Sources */ = {
			isa = PBXSourcesBuildPhase;
			buildActionMask = 2147483647;
			files = (
				38311D3D1BBDC75B009E4263 /* ApProgXimate.cpp in Sources */,
				38311D351BBDC714009E4263 /* main.cpp in Sources */,
			);
			runOnlyForDeploymentPostprocessing = 0;
		};
/* End PBXSourcesBuildPhase section */

/* Begin XCBuildConfiguration section */
		38311D361BBDC714009E4263 /* Debug */ = {
			isa = XCBuildConfiguration;
			buildSettings = {
				ALWAYS_SEARCH_USER_PATHS = NO;
				CLANG_CXX_LANGUAGE_STANDARD = "gnu++0x";
				CLANG_CXX_LIBRARY = "libc++";
				CLANG_ENABLE_MODULES = YES;
				CLANG_ENABLE_OBJC_ARC = YES;
				CLANG_WARN_BOOL_CONVERSION = YES;
				CLANG_WARN_CONSTANT_CONVERSION = YES;
				CLANG_WARN_DIRECT_OBJC_ISA_USAGE = YES_ERROR;
				CLANG_WARN_EMPTY_BODY = YES;
				CLANG_WARN_ENUM_CONVERSION = YES;
				CLANG_WARN_INT_CONVERSION = YES;
				CLANG_WARN_OBJC_ROOT_CLASS = YES_ERROR;
				CLANG_WARN_UNREACHABLE_CODE = YES;
				CLANG_WARN__DUPLICATE_METHOD_MATCH = YES;
				COPY_PHASE_STRIP = NO;
				DEBUG_INFORMATION_FORMAT = dwarf;
				ENABLE_STRICT_OBJC_MSGSEND = YES;
				ENABLE_TESTABILITY = YES;
				GCC_C_LANGUAGE_STANDARD = gnu99;
				GCC_DYNAMIC_NO_PIC = NO;
				GCC_NO_COMMON_BLOCKS = YES;
				GCC_OPTIMIZATION_LEVEL = 0;
				GCC_PREPROCESSOR_DEFINITIONS = (
					"DEBUG=1",
					"$(inherited)",
				);
				GCC_WARN_64_TO_32_BIT_CONVERSION = YES;
				GCC_WARN_ABOUT_RETURN_TYPE = YES_ERROR;
				GCC_WARN_UNDECLARED_SELECTOR = YES;
				GCC_WARN_UNINITIALIZED_AUTOS = YES_AGGRESSIVE;
				GCC_WARN_UNUSED_FUNCTION = YES;
				GCC_WARN_UNUSED_VARIABLE = YES;
				MACOSX_DEPLOYMENT_TARGET = 10.10;
				MTL_ENABLE_DEBUG_INFO = YES;
				ONLY_ACTIVE_ARCH = YES;
				SDKROOT = macosx;
			};
			name = Debug;
		};
		38311D371BBDC714009E4263 /* Release */ = {
			isa = XCBuildConfiguration;
			buildSettings = {
				ALWAYS_SEARCH_USER_PATHS = NO;
				CLANG_CXX_LANGUAGE_STANDARD = "gnu++0x";
				CLANG_CXX_LIBRARY = "libc++";
				CLANG_ENABLE_MODULES = YES;
				CLANG_ENABLE_OBJC_ARC = YES;
				CLANG_WARN_BOOL_CONVERSION = YES;
				CLANG_WARN_CONSTANT_CONVERSION = YES;
				CLANG_WARN_DIRECT_OBJC_ISA_USAGE = YES_ERROR;
				CLANG_WARN_EMPTY_BODY = YES;
				CLANG_WARN_ENUM_CONVERSION = YES;
				CLANG_WARN_INT_CONVERSION = YES;
				CLANG_WARN_OBJC_ROOT_CLASS = YES_ERROR;
				CLANG_WARN_UNREACHABLE_CODE = YES;
				CLANG_WARN__DUPLICATE_METHOD_MATCH = YES;
				COPY_PHASE_STRIP = NO;
				DEBUG_INFORMATION_FORMAT = "dwarf-with-dsym";
				ENABLE_NS_ASSERTIONS = NO;
				ENABLE_STRICT_OBJC_MSGSEND = YES;
				GCC_C_LANGUAGE_STANDARD = gnu99;
				GCC_NO_COMMON_BLOCKS = YES;
				GCC_WARN_64_TO_32_BIT_CONVERSION = YES;
				GCC_WARN_ABOUT_RETURN_TYPE = YES_ERROR;
				GCC_WARN_UNDECLARED_SELECTOR = YES;
				GCC_WARN_UNINITIALIZED_AUTOS = YES_AGGRESSIVE;
				GCC_WARN_UNUSED_FUNCTION = YES;
				GCC_WARN_UNUSED_VARIABLE = YES;
				MACOSX_DEPLOYMENT_TARGET = 10.10;
				MTL_ENABLE_DEBUG_INFO = NO;
				SDKROOT = macosx;
			};
			name = Release;
		};
		38311D391BBDC714009E4263 /* Debug */ = {
			isa = XCBuildConfiguration;
			buildSettings = {
				PRODUCT_NAME = "$(TARGET_NAME)";
			};
			name = Debug;
		};
		38311D3A1BBDC714009E4263 /* Release */ = {
			isa = XCBuildConfiguration;
			buildSettings = {
				PRODUCT_NAME = "$(TARGET_NAME)";
			};
			name = Release;
		};
/* End XCBuildConfiguration section */

/* Begin XCConfigurationList section */
		38311D2C1BBDC714009E4263 /* Build configuration list for PBXProject "ApProgXimateLib" */ = {
			isa = XCConfigurationList;
			buildConfigurations = (
				38311D361BBDC714009E4263 /* Debug */,
				38311D371BBDC714009E4263 /* Release */,
			);
			defaultConfigurationIsVisible = 0;
			defaultConfigurationName = Release;
		};
		38311D381BBDC714009E4263 /* Build configuration list for PBXNativeTarget "ApProgXimateLib" */ = {
			isa = XCConfigurationList;
			buildConfigurations = (
				38311D391BBDC714009E4263 /* Debug */,
				38311D3A1BBDC714009E4263 /* Release */,
			);
			defaultConfigurationIsVisible = 0;
			defaultConfigurationName = Release;
		};
/* End XCConfigurationList section */
	};
	rootObject = 38311D291BBDC714009E4263 /* Project object */;
}
